// !$*UTF8*$!
{
	archiveVersion = 1;
	classes = {
	};
	objectVersion = 52;
	objects = {

/* Begin PBXBuildFile section */
		842D4DC624363B800065908A /* SeasonsTableViewController.swift in Sources */ = {isa = PBXBuildFile; fileRef = 842D4DC524363B800065908A /* SeasonsTableViewController.swift */; };
		842D4DC8243648B10065908A /* Seasons.swift in Sources */ = {isa = PBXBuildFile; fileRef = 842D4DC7243648B10065908A /* Seasons.swift */; };
		84D75A6A2434D2F9004E61A1 /* AppDelegate.swift in Sources */ = {isa = PBXBuildFile; fileRef = 84D75A692434D2F9004E61A1 /* AppDelegate.swift */; };
		84D75A6C2434D2F9004E61A1 /* SceneDelegate.swift in Sources */ = {isa = PBXBuildFile; fileRef = 84D75A6B2434D2F9004E61A1 /* SceneDelegate.swift */; };
		84D75A712434D2F9004E61A1 /* Main.storyboard in Resources */ = {isa = PBXBuildFile; fileRef = 84D75A6F2434D2F9004E61A1 /* Main.storyboard */; };
		84D75A732434D2FB004E61A1 /* Assets.xcassets in Resources */ = {isa = PBXBuildFile; fileRef = 84D75A722434D2FB004E61A1 /* Assets.xcassets */; };
		84D75A762434D2FB004E61A1 /* LaunchScreen.storyboard in Resources */ = {isa = PBXBuildFile; fileRef = 84D75A742434D2FB004E61A1 /* LaunchScreen.storyboard */; };
		84D75A812434D543004E61A1 /* SearchTableViewController.swift in Sources */ = {isa = PBXBuildFile; fileRef = 84D75A802434D543004E61A1 /* SearchTableViewController.swift */; };
		84D75A842434D836004E61A1 /* SearchTableViewCell.swift in Sources */ = {isa = PBXBuildFile; fileRef = 84D75A832434D836004E61A1 /* SearchTableViewCell.swift */; };
		84D75A862434DFA3004E61A1 /* TVSerie.swift in Sources */ = {isa = PBXBuildFile; fileRef = 84D75A852434DFA3004E61A1 /* TVSerie.swift */; };
		84D75A892434E21A004E61A1 /* SDWebImage in Frameworks */ = {isa = PBXBuildFile; productRef = 84D75A882434E21A004E61A1 /* SDWebImage */; };
		84D75A8B2434E21A004E61A1 /* SDWebImageMapKit in Frameworks */ = {isa = PBXBuildFile; productRef = 84D75A8A2434E21A004E61A1 /* SDWebImageMapKit */; };
		84D75A8E2434EC7E004E61A1 /* SwiftSoup in Frameworks */ = {isa = PBXBuildFile; productRef = 84D75A8D2434EC7E004E61A1 /* SwiftSoup */; };
		84D75A912434F576004E61A1 /* SDWebImageWebPCoder in Frameworks */ = {isa = PBXBuildFile; productRef = 84D75A902434F576004E61A1 /* SDWebImageWebPCoder */; };
/* End PBXBuildFile section */

/* Begin PBXFileReference section */
		842D4DC524363B800065908A /* SeasonsTableViewController.swift */ = {isa = PBXFileReference; lastKnownFileType = sourcecode.swift; path = SeasonsTableViewController.swift; sourceTree = "<group>"; };
		842D4DC7243648B10065908A /* Seasons.swift */ = {isa = PBXFileReference; lastKnownFileType = sourcecode.swift; path = Seasons.swift; sourceTree = "<group>"; };
		84D75A662434D2F9004E61A1 /* TVSeriesKiller.app */ = {isa = PBXFileReference; explicitFileType = wrapper.application; includeInIndex = 0; path = TVSeriesKiller.app; sourceTree = BUILT_PRODUCTS_DIR; };
		84D75A692434D2F9004E61A1 /* AppDelegate.swift */ = {isa = PBXFileReference; lastKnownFileType = sourcecode.swift; path = AppDelegate.swift; sourceTree = "<group>"; };
		84D75A6B2434D2F9004E61A1 /* SceneDelegate.swift */ = {isa = PBXFileReference; lastKnownFileType = sourcecode.swift; path = SceneDelegate.swift; sourceTree = "<group>"; };
		84D75A702434D2F9004E61A1 /* Base */ = {isa = PBXFileReference; lastKnownFileType = file.storyboard; name = Base; path = Base.lproj/Main.storyboard; sourceTree = "<group>"; };
		84D75A722434D2FB004E61A1 /* Assets.xcassets */ = {isa = PBXFileReference; lastKnownFileType = folder.assetcatalog; path = Assets.xcassets; sourceTree = "<group>"; };
		84D75A752434D2FB004E61A1 /* Base */ = {isa = PBXFileReference; lastKnownFileType = file.storyboard; name = Base; path = Base.lproj/LaunchScreen.storyboard; sourceTree = "<group>"; };
		84D75A772434D2FB004E61A1 /* Info.plist */ = {isa = PBXFileReference; lastKnownFileType = text.plist.xml; path = Info.plist; sourceTree = "<group>"; };
		84D75A802434D543004E61A1 /* SearchTableViewController.swift */ = {isa = PBXFileReference; lastKnownFileType = sourcecode.swift; path = SearchTableViewController.swift; sourceTree = "<group>"; };
		84D75A832434D836004E61A1 /* SearchTableViewCell.swift */ = {isa = PBXFileReference; lastKnownFileType = sourcecode.swift; path = SearchTableViewCell.swift; sourceTree = "<group>"; };
		84D75A852434DFA3004E61A1 /* TVSerie.swift */ = {isa = PBXFileReference; lastKnownFileType = sourcecode.swift; path = TVSerie.swift; sourceTree = "<group>"; };
/* End PBXFileReference section */

/* Begin PBXFrameworksBuildPhase section */
		84D75A632434D2F9004E61A1 /* Frameworks */ = {
			isa = PBXFrameworksBuildPhase;
			buildActionMask = 2147483647;
			files = (
				84D75A8B2434E21A004E61A1 /* SDWebImageMapKit in Frameworks */,
				84D75A892434E21A004E61A1 /* SDWebImage in Frameworks */,
				84D75A912434F576004E61A1 /* SDWebImageWebPCoder in Frameworks */,
				84D75A8E2434EC7E004E61A1 /* SwiftSoup in Frameworks */,
			);
			runOnlyForDeploymentPostprocessing = 0;
		};
/* End PBXFrameworksBuildPhase section */

/* Begin PBXGroup section */
		84D75A5D2434D2F9004E61A1 = {
			isa = PBXGroup;
			children = (
				84D75A682434D2F9004E61A1 /* TVSeriesKiller */,
				84D75A672434D2F9004E61A1 /* Products */,
			);
			sourceTree = "<group>";
		};
		84D75A672434D2F9004E61A1 /* Products */ = {
			isa = PBXGroup;
			children = (
				84D75A662434D2F9004E61A1 /* TVSeriesKiller.app */,
			);
			name = Products;
			sourceTree = "<group>";
		};
		84D75A682434D2F9004E61A1 /* TVSeriesKiller */ = {
			isa = PBXGroup;
			children = (
				84D75A822434D804004E61A1 /* Custom Table View Cell */,
				84D75A7F2434D4A7004E61A1 /* Storyboard */,
				84D75A7E2434D499004E61A1 /* View Controller */,
				84D75A7D2434D490004E61A1 /* Model */,
				84D75A692434D2F9004E61A1 /* AppDelegate.swift */,
				84D75A6B2434D2F9004E61A1 /* SceneDelegate.swift */,
				84D75A722434D2FB004E61A1 /* Assets.xcassets */,
				84D75A772434D2FB004E61A1 /* Info.plist */,
			);
			path = TVSeriesKiller;
			sourceTree = "<group>";
		};
		84D75A7D2434D490004E61A1 /* Model */ = {
			isa = PBXGroup;
			children = (
				84D75A852434DFA3004E61A1 /* TVSerie.swift */,
				842D4DC7243648B10065908A /* Seasons.swift */,
			);
			path = Model;
			sourceTree = "<group>";
		};
		84D75A7E2434D499004E61A1 /* View Controller */ = {
			isa = PBXGroup;
			children = (
				84D75A802434D543004E61A1 /* SearchTableViewController.swift */,
				842D4DC524363B800065908A /* SeasonsTableViewController.swift */,
			);
			path = "View Controller";
			sourceTree = "<group>";
		};
		84D75A7F2434D4A7004E61A1 /* Storyboard */ = {
			isa = PBXGroup;
			children = (
				84D75A6F2434D2F9004E61A1 /* Main.storyboard */,
				84D75A742434D2FB004E61A1 /* LaunchScreen.storyboard */,
			);
			path = Storyboard;
			sourceTree = "<group>";
		};
		84D75A822434D804004E61A1 /* Custom Table View Cell */ = {
			isa = PBXGroup;
			children = (
				84D75A832434D836004E61A1 /* SearchTableViewCell.swift */,
			);
			path = "Custom Table View Cell";
			sourceTree = "<group>";
		};
/* End PBXGroup section */

/* Begin PBXNativeTarget section */
		84D75A652434D2F9004E61A1 /* TVSeriesKiller */ = {
			isa = PBXNativeTarget;
			buildConfigurationList = 84D75A7A2434D2FB004E61A1 /* Build configuration list for PBXNativeTarget "TVSeriesKiller" */;
			buildPhases = (
				84D75A622434D2F9004E61A1 /* Sources */,
				84D75A632434D2F9004E61A1 /* Frameworks */,
				84D75A642434D2F9004E61A1 /* Resources */,
			);
			buildRules = (
			);
			dependencies = (
			);
			name = TVSeriesKiller;
			packageProductDependencies = (
				84D75A882434E21A004E61A1 /* SDWebImage */,
				84D75A8A2434E21A004E61A1 /* SDWebImageMapKit */,
				84D75A8D2434EC7E004E61A1 /* SwiftSoup */,
				84D75A902434F576004E61A1 /* SDWebImageWebPCoder */,
			);
			productName = TVSeriesKiller;
			productReference = 84D75A662434D2F9004E61A1 /* TVSeriesKiller.app */;
			productType = "com.apple.product-type.application";
		};
/* End PBXNativeTarget section */

/* Begin PBXProject section */
		84D75A5E2434D2F9004E61A1 /* Project object */ = {
			isa = PBXProject;
			attributes = {
				LastSwiftUpdateCheck = 1140;
				LastUpgradeCheck = 1140;
				ORGANIZATIONNAME = "Alperen Unal";
				TargetAttributes = {
					84D75A652434D2F9004E61A1 = {
						CreatedOnToolsVersion = 11.4;
					};
				};
			};
			buildConfigurationList = 84D75A612434D2F9004E61A1 /* Build configuration list for PBXProject "TVSeriesKiller" */;
			compatibilityVersion = "Xcode 9.3";
			developmentRegion = en;
			hasScannedForEncodings = 0;
			knownRegions = (
				en,
				Base,
			);
			mainGroup = 84D75A5D2434D2F9004E61A1;
			packageReferences = (
				84D75A872434E21A004E61A1 /* XCRemoteSwiftPackageReference "SDWebImage" */,
				84D75A8C2434EC7E004E61A1 /* XCRemoteSwiftPackageReference "SwiftSoup" */,
				84D75A8F2434F576004E61A1 /* XCRemoteSwiftPackageReference "SDWebImageWebPCoder" */,
			);
			productRefGroup = 84D75A672434D2F9004E61A1 /* Products */;
			projectDirPath = "";
			projectRoot = "";
			targets = (
				84D75A652434D2F9004E61A1 /* TVSeriesKiller */,
			);
		};
/* End PBXProject section */

/* Begin PBXResourcesBuildPhase section */
		84D75A642434D2F9004E61A1 /* Resources */ = {
			isa = PBXResourcesBuildPhase;
			buildActionMask = 2147483647;
			files = (
				84D75A762434D2FB004E61A1 /* LaunchScreen.storyboard in Resources */,
				84D75A732434D2FB004E61A1 /* Assets.xcassets in Resources */,
				84D75A712434D2F9004E61A1 /* Main.storyboard in Resources */,
			);
			runOnlyForDeploymentPostprocessing = 0;
		};
/* End PBXResourcesBuildPhase section */

/* Begin PBXSourcesBuildPhase section */
		84D75A622434D2F9004E61A1 /* Sources */ = {
			isa = PBXSourcesBuildPhase;
			buildActionMask = 2147483647;
			files = (
				84D75A862434DFA3004E61A1 /* TVSerie.swift in Sources */,
				84D75A6A2434D2F9004E61A1 /* AppDelegate.swift in Sources */,
				842D4DC624363B800065908A /* SeasonsTableViewController.swift in Sources */,
				84D75A842434D836004E61A1 /* SearchTableViewCell.swift in Sources */,
				84D75A812434D543004E61A1 /* SearchTableViewController.swift in Sources */,
				84D75A6C2434D2F9004E61A1 /* SceneDelegate.swift in Sources */,
				842D4DC8243648B10065908A /* Seasons.swift in Sources */,
			);
			runOnlyForDeploymentPostprocessing = 0;
		};
/* End PBXSourcesBuildPhase section */

/* Begin PBXVariantGroup section */
		84D75A6F2434D2F9004E61A1 /* Main.storyboard */ = {
			isa = PBXVariantGroup;
			children = (
				84D75A702434D2F9004E61A1 /* Base */,
			);
			name = Main.storyboard;
			sourceTree = "<group>";
		};
		84D75A742434D2FB004E61A1 /* LaunchScreen.storyboard */ = {
			isa = PBXVariantGroup;
			children = (
				84D75A752434D2FB004E61A1 /* Base */,
			);
			name = LaunchScreen.storyboard;
			sourceTree = "<group>";
		};
/* End PBXVariantGroup section */

/* Begin XCBuildConfiguration section */
		84D75A782434D2FB004E61A1 /* Debug */ = {
			isa = XCBuildConfiguration;
			buildSettings = {
				ALWAYS_SEARCH_USER_PATHS = NO;
				CLANG_ANALYZER_NONNULL = YES;
				CLANG_ANALYZER_NUMBER_OBJECT_CONVERSION = YES_AGGRESSIVE;
				CLANG_CXX_LANGUAGE_STANDARD = "gnu++14";
				CLANG_CXX_LIBRARY = "libc++";
				CLANG_ENABLE_MODULES = YES;
				CLANG_ENABLE_OBJC_ARC = YES;
				CLANG_ENABLE_OBJC_WEAK = YES;
				CLANG_WARN_BLOCK_CAPTURE_AUTORELEASING = YES;
				CLANG_WARN_BOOL_CONVERSION = YES;
				CLANG_WARN_COMMA = YES;
				CLANG_WARN_CONSTANT_CONVERSION = YES;
				CLANG_WARN_DEPRECATED_OBJC_IMPLEMENTATIONS = YES;
				CLANG_WARN_DIRECT_OBJC_ISA_USAGE = YES_ERROR;
				CLANG_WARN_DOCUMENTATION_COMMENTS = YES;
				CLANG_WARN_EMPTY_BODY = YES;
				CLANG_WARN_ENUM_CONVERSION = YES;
				CLANG_WARN_INFINITE_RECURSION = YES;
				CLANG_WARN_INT_CONVERSION = YES;
				CLANG_WARN_NON_LITERAL_NULL_CONVERSION = YES;
				CLANG_WARN_OBJC_IMPLICIT_RETAIN_SELF = YES;
				CLANG_WARN_OBJC_LITERAL_CONVERSION = YES;
				CLANG_WARN_OBJC_ROOT_CLASS = YES_ERROR;
				CLANG_WARN_RANGE_LOOP_ANALYSIS = YES;
				CLANG_WARN_STRICT_PROTOTYPES = YES;
				CLANG_WARN_SUSPICIOUS_MOVE = YES;
				CLANG_WARN_UNGUARDED_AVAILABILITY = YES_AGGRESSIVE;
				CLANG_WARN_UNREACHABLE_CODE = YES;
				CLANG_WARN__DUPLICATE_METHOD_MATCH = YES;
				COPY_PHASE_STRIP = NO;
				DEBUG_INFORMATION_FORMAT = dwarf;
				ENABLE_STRICT_OBJC_MSGSEND = YES;
				ENABLE_TESTABILITY = YES;
				GCC_C_LANGUAGE_STANDARD = gnu11;
				GCC_DYNAMIC_NO_PIC = NO;
				GCC_NO_COMMON_BLOCKS = YES;
				GCC_OPTIMIZATION_LEVEL = 0;
				GCC_PREPROCESSOR_DEFINITIONS = (
					"DEBUG=1",
					"$(inherited)",
				);
				GCC_WARN_64_TO_32_BIT_CONVERSION = YES;
				GCC_WARN_ABOUT_RETURN_TYPE = YES_ERROR;
				GCC_WARN_UNDECLARED_SELECTOR = YES;
				GCC_WARN_UNINITIALIZED_AUTOS = YES_AGGRESSIVE;
				GCC_WARN_UNUSED_FUNCTION = YES;
				GCC_WARN_UNUSED_VARIABLE = YES;
				IPHONEOS_DEPLOYMENT_TARGET = 13.4;
				MTL_ENABLE_DEBUG_INFO = INCLUDE_SOURCE;
				MTL_FAST_MATH = YES;
				ONLY_ACTIVE_ARCH = YES;
				SDKROOT = iphoneos;
				SWIFT_ACTIVE_COMPILATION_CONDITIONS = DEBUG;
				SWIFT_OPTIMIZATION_LEVEL = "-Onone";
			};
			name = Debug;
		};
		84D75A792434D2FB004E61A1 /* Release */ = {
			isa = XCBuildConfiguration;
			buildSettings = {
				ALWAYS_SEARCH_USER_PATHS = NO;
				CLANG_ANALYZER_NONNULL = YES;
				CLANG_ANALYZER_NUMBER_OBJECT_CONVERSION = YES_AGGRESSIVE;
				CLANG_CXX_LANGUAGE_STANDARD = "gnu++14";
				CLANG_CXX_LIBRARY = "libc++";
				CLANG_ENABLE_MODULES = YES;
				CLANG_ENABLE_OBJC_ARC = YES;
				CLANG_ENABLE_OBJC_WEAK = YES;
				CLANG_WARN_BLOCK_CAPTURE_AUTORELEASING = YES;
				CLANG_WARN_BOOL_CONVERSION = YES;
				CLANG_WARN_COMMA = YES;
				CLANG_WARN_CONSTANT_CONVERSION = YES;
				CLANG_WARN_DEPRECATED_OBJC_IMPLEMENTATIONS = YES;
				CLANG_WARN_DIRECT_OBJC_ISA_USAGE = YES_ERROR;
				CLANG_WARN_DOCUMENTATION_COMMENTS = YES;
				CLANG_WARN_EMPTY_BODY = YES;
				CLANG_WARN_ENUM_CONVERSION = YES;
				CLANG_WARN_INFINITE_RECURSION = YES;
				CLANG_WARN_INT_CONVERSION = YES;
				CLANG_WARN_NON_LITERAL_NULL_CONVERSION = YES;
				CLANG_WARN_OBJC_IMPLICIT_RETAIN_SELF = YES;
				CLANG_WARN_OBJC_LITERAL_CONVERSION = YES;
				CLANG_WARN_OBJC_ROOT_CLASS = YES_ERROR;
				CLANG_WARN_RANGE_LOOP_ANALYSIS = YES;
				CLANG_WARN_STRICT_PROTOTYPES = YES;
				CLANG_WARN_SUSPICIOUS_MOVE = YES;
				CLANG_WARN_UNGUARDED_AVAILABILITY = YES_AGGRESSIVE;
				CLANG_WARN_UNREACHABLE_CODE = YES;
				CLANG_WARN__DUPLICATE_METHOD_MATCH = YES;
				COPY_PHASE_STRIP = NO;
				DEBUG_INFORMATION_FORMAT = "dwarf-with-dsym";
				ENABLE_NS_ASSERTIONS = NO;
				ENABLE_STRICT_OBJC_MSGSEND = YES;
				GCC_C_LANGUAGE_STANDARD = gnu11;
				GCC_NO_COMMON_BLOCKS = YES;
				GCC_WARN_64_TO_32_BIT_CONVERSION = YES;
				GCC_WARN_ABOUT_RETURN_TYPE = YES_ERROR;
				GCC_WARN_UNDECLARED_SELECTOR = YES;
				GCC_WARN_UNINITIALIZED_AUTOS = YES_AGGRESSIVE;
				GCC_WARN_UNUSED_FUNCTION = YES;
				GCC_WARN_UNUSED_VARIABLE = YES;
				IPHONEOS_DEPLOYMENT_TARGET = 13.4;
				MTL_ENABLE_DEBUG_INFO = NO;
				MTL_FAST_MATH = YES;
				SDKROOT = iphoneos;
				SWIFT_COMPILATION_MODE = wholemodule;
				SWIFT_OPTIMIZATION_LEVEL = "-O";
				VALIDATE_PRODUCT = YES;
			};
			name = Release;
		};
		84D75A7B2434D2FB004E61A1 /* Debug */ = {
			isa = XCBuildConfiguration;
			buildSettings = {
				ASSETCATALOG_COMPILER_APPICON_NAME = AppIcon;
				CODE_SIGN_STYLE = Automatic;
				DEVELOPMENT_TEAM = MTMVBPSRA5;
				INFOPLIST_FILE = TVSeriesKiller/Info.plist;
				LD_RUNPATH_SEARCH_PATHS = (
					"$(inherited)",
					"@executable_path/Frameworks",
				);
				PRODUCT_BUNDLE_IDENTIFIER = com.alperenunal.TVSeriesKiller;
				PRODUCT_NAME = "$(TARGET_NAME)";
				SWIFT_VERSION = 5.0;
				TARGETED_DEVICE_FAMILY = "1,2";
			};
			name = Debug;
		};
		84D75A7C2434D2FB004E61A1 /* Release */ = {
			isa = XCBuildConfiguration;
			buildSettings = {
				ASSETCATALOG_COMPILER_APPICON_NAME = AppIcon;
				CODE_SIGN_STYLE = Automatic;
				DEVELOPMENT_TEAM = MTMVBPSRA5;
				INFOPLIST_FILE = TVSeriesKiller/Info.plist;
				LD_RUNPATH_SEARCH_PATHS = (
					"$(inherited)",
					"@executable_path/Frameworks",
				);
				PRODUCT_BUNDLE_IDENTIFIER = com.alperenunal.TVSeriesKiller;
				PRODUCT_NAME = "$(TARGET_NAME)";
				SWIFT_VERSION = 5.0;
				TARGETED_DEVICE_FAMILY = "1,2";
			};
			name = Release;
		};
/* End XCBuildConfiguration section */

/* Begin XCConfigurationList section */
		84D75A612434D2F9004E61A1 /* Build configuration list for PBXProject "TVSeriesKiller" */ = {
			isa = XCConfigurationList;
			buildConfigurations = (
				84D75A782434D2FB004E61A1 /* Debug */,
				84D75A792434D2FB004E61A1 /* Release */,
			);
			defaultConfigurationIsVisible = 0;
			defaultConfigurationName = Release;
		};
		84D75A7A2434D2FB004E61A1 /* Build configuration list for PBXNativeTarget "TVSeriesKiller" */ = {
			isa = XCConfigurationList;
			buildConfigurations = (
				84D75A7B2434D2FB004E61A1 /* Debug */,
				84D75A7C2434D2FB004E61A1 /* Release */,
			);
			defaultConfigurationIsVisible = 0;
			defaultConfigurationName = Release;
		};
/* End XCConfigurationList section */

/* Begin XCRemoteSwiftPackageReference section */
		84D75A872434E21A004E61A1 /* XCRemoteSwiftPackageReference "SDWebImage" */ = {
			isa = XCRemoteSwiftPackageReference;
			repositoryURL = "https://github.com/SDWebImage/SDWebImage";
			requirement = {
				kind = upToNextMajorVersion;
				minimumVersion = 5.6.1;
			};
		};
		84D75A8C2434EC7E004E61A1 /* XCRemoteSwiftPackageReference "SwiftSoup" */ = {
			isa = XCRemoteSwiftPackageReference;
			repositoryURL = "https://github.com/scinfu/SwiftSoup";
			requirement = {
				kind = upToNextMajorVersion;
				minimumVersion = 2.3.1;
			};
		};
		84D75A8F2434F576004E61A1 /* XCRemoteSwiftPackageReference "SDWebImageWebPCoder" */ = {
			isa = XCRemoteSwiftPackageReference;
			repositoryURL = "https://github.com/SDWebImage/SDWebImageWebPCoder";
			requirement = {
				kind = upToNextMajorVersion;
				minimumVersion = 0.5.0;
			};
		};
/* End XCRemoteSwiftPackageReference section */

/* Begin XCSwiftPackageProductDependency section */
		84D75A882434E21A004E61A1 /* SDWebImage */ = {
			isa = XCSwiftPackageProductDependency;
			package = 84D75A872434E21A004E61A1 /* XCRemoteSwiftPackageReference "SDWebImage" */;
			productName = SDWebImage;
		};
		84D75A8A2434E21A004E61A1 /* SDWebImageMapKit */ = {
			isa = XCSwiftPackageProductDependency;
			package = 84D75A872434E21A004E61A1 /* XCRemoteSwiftPackageReference "SDWebImage" */;
			productName = SDWebImageMapKit;
		};
		84D75A8D2434EC7E004E61A1 /* SwiftSoup */ = {
			isa = XCSwiftPackageProductDependency;
			package = 84D75A8C2434EC7E004E61A1 /* XCRemoteSwiftPackageReference "SwiftSoup" */;
			productName = SwiftSoup;
		};
		84D75A902434F576004E61A1 /* SDWebImageWebPCoder */ = {
			isa = XCSwiftPackageProductDependency;
			package = 84D75A8F2434F576004E61A1 /* XCRemoteSwiftPackageReference "SDWebImageWebPCoder" */;
			productName = SDWebImageWebPCoder;
		};
/* End XCSwiftPackageProductDependency section */
	};
	rootObject = 84D75A5E2434D2F9004E61A1 /* Project object */;
}
